{
    "_readme": [
        "This file locks the dependencies of your project to a known state",
        "Read more about it at https://getcomposer.org/doc/01-basic-usage.md#installing-dependencies",
        "This file is @generated automatically"
    ],
    "content-hash": "07dcc93d859ce6bbeffdf6d939e589e8",
    "packages": [
        {
            "name": "muyomu/config",
            "version": "v1.1.6",
            "source": {
                "type": "git",
                "url": "https://github.com/muyomu/config.git",
                "reference": "af9814e4d221e92b6a968b3bee4a046367bc1cda"
            },
            "dist": {
                "type": "zip",
                "url": "https://api.github.com/repos/muyomu/config/zipball/af9814e4d221e92b6a968b3bee4a046367bc1cda",
                "reference": "af9814e4d221e92b6a968b3bee4a046367bc1cda",
                "shasum": ""
            },
            "type": "library",
            "autoload": {
                "psr-4": {
                    "muyomu\\config\\": "src/"
                }
            },
            "notification-url": "https://packagist.org/downloads/",
            "license": [
                "apache-2.0"
            ],
            "authors": [
                {
                    "name": "mutian",
                    "email": "mutian-xiangcai@outlook.com"
                }
            ],
            "description": "The config framework for muyomu web framework",
            "support": {
                "issues": "https://github.com/muyomu/config/issues",
                "source": "https://github.com/muyomu/config/tree/v1.1.6"
            },
            "time": "2023-11-04T14:55:25+00:00"
        },
        {
            "name": "muyomu/log4p",
            "version": "v1.1.6",
            "source": {
                "type": "git",
                "url": "https://github.com/muyomu/logger.git",
                "reference": "ce5e937043c5d3f964dabd8406838e9770a134e3"
            },
            "dist": {
                "type": "zip",
                "url": "https://api.github.com/repos/muyomu/logger/zipball/ce5e937043c5d3f964dabd8406838e9770a134e3",
                "reference": "ce5e937043c5d3f964dabd8406838e9770a134e3",
                "shasum": ""
            },
            "type": "library",
            "autoload": {
                "psr-4": {
                    "muyomu\\log4p\\": "src/"
                }
            },
            "notification-url": "https://packagist.org/downloads/",
            "license": [
                "apache-2.0"
            ],
            "authors": [
                {
                    "name": "mutian",
                    "email": "mutian-xiangcai@outlook.com"
                }
            ],
            "description": "The log framework for muyomu web framework",
            "support": {
                "issues": "https://github.com/muyomu/logger/issues",
                "source": "https://github.com/muyomu/logger/tree/v1.1.6"
            },
            "time": "2023-11-04T14:49:39+00:00"
        },
        {
            "name": "workerman/workerman",
            "version": "v4.1.13",
            "source": {
                "type": "git",
                "url": "https://github.com/walkor/workerman.git",
                "reference": "807780ff672775fcd08f89e573a2824e939021ce"
            },
            "dist": {
                "type": "zip",
                "url": "https://api.github.com/repos/walkor/workerman/zipball/807780ff672775fcd08f89e573a2824e939021ce",
                "reference": "807780ff672775fcd08f89e573a2824e939021ce",
                "shasum": ""
            },
            "require": {
                "php": ">=7.0"
            },
            "suggest": {
                "ext-event": "For better performance. "
            },
            "type": "library",
            "autoload": {
                "psr-4": {
                    "Workerman\\": "./"
                }
            },
            "notification-url": "https://packagist.org/downloads/",
            "license": [
                "MIT"
            ],
            "authors": [
                {
                    "name": "walkor",
                    "email": "walkor@workerman.net",
                    "homepage": "http://www.workerman.net",
                    "role": "Developer"
                }
            ],
            "description": "An asynchronous event driven PHP framework for easily building fast, scalable network applications.",
            "homepage": "http://www.workerman.net",
            "keywords": [
                "asynchronous",
                "event-loop"
            ],
            "support": {
                "email": "walkor@workerman.net",
                "forum": "http://wenda.workerman.net/",
                "issues": "https://github.com/walkor/workerman/issues",
                "source": "https://github.com/walkor/workerman",
                "wiki": "http://doc.workerman.net/"
            },
            "funding": [
                {
                    "url": "https://opencollective.com/workerman",
                    "type": "open_collective"
                },
                {
                    "url": "https://www.patreon.com/walkor",
                    "type": "patreon"
                }
            ],
            "time": "2023-07-31T05:57:25+00:00"
        }
    ],
    "packages-dev": [],
    "aliases": [],
    "minimum-stability": "stable",
    "stability-flags": [],
    "prefer-stable": false,
    "prefer-lowest": false,
    "platform": [],
    "platform-dev": [],
    "plugin-api-version": "2.6.0"
}
